// !$*UTF8*$!
{
	archiveVersion = 1;
	classes = {
	};
	objectVersion = 46;
	objects = {

/* Begin PBXBuildFile section */
		270CA37E1E02B53C00EF53FD /* SegmentIntersections.swift in Sources */ = {isa = PBXBuildFile; fileRef = 270CA37D1E02B53C00EF53FD /* SegmentIntersections.swift */; };
		279F6B401E012217001FE32C /* main.swift in Sources */ = {isa = PBXBuildFile; fileRef = 279F6B3F1E012217001FE32C /* main.swift */; };
/* End PBXBuildFile section */

/* Begin PBXCopyFilesBuildPhase section */
		279F6B3A1E012217001FE32C /* CopyFiles */ = {
			isa = PBXCopyFilesBuildPhase;
			buildActionMask = 2147483647;
			dstPath = /usr/share/man/man1/;
			dstSubfolderSpec = 0;
			files = (
			);
			runOnlyForDeploymentPostprocessing = 1;
		};
/* End PBXCopyFilesBuildPhase section */

/* Begin PBXFileReference section */
		270CA37D1E02B53C00EF53FD /* SegmentIntersections.swift */ = {isa = PBXFileReference; fileEncoding = 4; lastKnownFileType = sourcecode.swift; name = SegmentIntersections.swift; path = ../../SegmentIntersections.playground/Sources/SegmentIntersections.swift; sourceTree = "<group>"; };
		279F6B3C1E012217001FE32C /* SegmentsIntersectionPerformanceTest */ = {isa = PBXFileReference; explicitFileType = "compiled.mach-o.executable"; includeInIndex = 0; path = SegmentsIntersectionPerformanceTest; sourceTree = BUILT_PRODUCTS_DIR; };
		279F6B3F1E012217001FE32C /* main.swift */ = {isa = PBXFileReference; lastKnownFileType = sourcecode.swift; path = main.swift; sourceTree = "<group>"; };
/* End PBXFileReference section */

/* Begin PBXFrameworksBuildPhase section */
		279F6B391E012217001FE32C /* Frameworks */ = {
			isa = PBXFrameworksBuildPhase;
			buildActionMask = 2147483647;
			files = (
			);
			runOnlyForDeploymentPostprocessing = 0;
		};
/* End PBXFrameworksBuildPhase section */

/* Begin PBXGroup section */
		279F6B331E012216001FE32C = {
			isa = PBXGroup;
			children = (
				279F6B3E1E012217001FE32C /* SegmentsIntersectionPerformanceTest */,
				279F6B3D1E012217001FE32C /* Products */,
			);
			sourceTree = "<group>";
		};
		279F6B3D1E012217001FE32C /* Products */ = {
			isa = PBXGroup;
			children = (
				279F6B3C1E012217001FE32C /* SegmentsIntersectionPerformanceTest */,
			);
			name = Products;
			sourceTree = "<group>";
		};
		279F6B3E1E012217001FE32C /* SegmentsIntersectionPerformanceTest */ = {
			isa = PBXGroup;
			children = (
				279F6B3F1E012217001FE32C /* main.swift */,
				270CA37D1E02B53C00EF53FD /* SegmentIntersections.swift */,
			);
			path = SegmentsIntersectionPerformanceTest;
			sourceTree = "<group>";
		};
/* End PBXGroup section */

/* Begin PBXNativeTarget section */
		279F6B3B1E012217001FE32C /* SegmentsIntersectionPerformanceTest */ = {
			isa = PBXNativeTarget;
			buildConfigurationList = 279F6B431E012217001FE32C /* Build configuration list for PBXNativeTarget "SegmentsIntersectionPerformanceTest" */;
			buildPhases = (
				279F6B381E012217001FE32C /* Sources */,
				279F6B391E012217001FE32C /* Frameworks */,
				279F6B3A1E012217001FE32C /* CopyFiles */,
			);
			buildRules = (
			);
			dependencies = (
			);
			name = SegmentsIntersectionPerformanceTest;
			productName = SegmentsIntersectionPerformanceTest;
			productReference = 279F6B3C1E012217001FE32C /* SegmentsIntersectionPerformanceTest */;
			productType = "com.apple.product-type.tool";
		};
/* End PBXNativeTarget section */

/* Begin PBXProject section */
		279F6B341E012217001FE32C /* Project object */ = {
			isa = PBXProject;
			attributes = {
				LastSwiftUpdateCheck = 0820;
				LastUpgradeCheck = 0820;
				ORGANIZATIONNAME = dydus;
				TargetAttributes = {
					279F6B3B1E012217001FE32C = {
						CreatedOnToolsVersion = 8.2;
						ProvisioningStyle = Automatic;
					};
				};
			};
			buildConfigurationList = 279F6B371E012217001FE32C /* Build configuration list for PBXProject "SegmentsIntersectionPerformanceTest" */;
			compatibilityVersion = "Xcode 3.2";
			developmentRegion = English;
			hasScannedForEncodings = 0;
			knownRegions = (
				en,
			);
			mainGroup = 279F6B331E012216001FE32C;
			productRefGroup = 279F6B3D1E012217001FE32C /* Products */;
			projectDirPath = "";
			projectRoot = "";
			targets = (
				279F6B3B1E012217001FE32C /* SegmentsIntersectionPerformanceTest */,
			);
		};
/* End PBXProject section */

/* Begin PBXSourcesBuildPhase section */
		279F6B381E012217001FE32C /* Sources */ = {
			isa = PBXSourcesBuildPhase;
			buildActionMask = 2147483647;
			files = (
				270CA37E1E02B53C00EF53FD /* SegmentIntersections.swift in Sources */,
				279F6B401E012217001FE32C /* main.swift in Sources */,
			);
			runOnlyForDeploymentPostprocessing = 0;
		};
/* End PBXSourcesBuildPhase section */

/* Begin XCBuildConfiguration section */
		279F6B411E012217001FE32C /* Debug */ = {
			isa = XCBuildConfiguration;
			buildSettings = {
				ALWAYS_SEARCH_USER_PATHS = NO;
				CLANG_ANALYZER_NONNULL = YES;
				CLANG_CXX_LANGUAGE_STANDARD = "gnu++0x";
				CLANG_CXX_LIBRARY = "libc++";
				CLANG_ENABLE_MODULES = YES;
				CLANG_ENABLE_OBJC_ARC = YES;
				CLANG_WARN_BOOL_CONVERSION = YES;
				CLANG_WARN_CONSTANT_CONVERSION = YES;
				CLANG_WARN_DIRECT_OBJC_ISA_USAGE = YES_ERROR;
				CLANG_WARN_DOCUMENTATION_COMMENTS = YES;
				CLANG_WARN_EMPTY_BODY = YES;
				CLANG_WARN_ENUM_CONVERSION = YES;
				CLANG_WARN_INFINITE_RECURSION = YES;
				CLANG_WARN_INT_CONVERSION = YES;
				CLANG_WARN_OBJC_ROOT_CLASS = YES_ERROR;
				CLANG_WARN_SUSPICIOUS_MOVE = YES;
				CLANG_WARN_UNREACHABLE_CODE = YES;
				CLANG_WARN__DUPLICATE_METHOD_MATCH = YES;
				CODE_SIGN_IDENTITY = "-";
				COPY_PHASE_STRIP = NO;
				DEBUG_INFORMATION_FORMAT = dwarf;
				ENABLE_STRICT_OBJC_MSGSEND = YES;
				ENABLE_TESTABILITY = YES;
				GCC_C_LANGUAGE_STANDARD = gnu99;
				GCC_DYNAMIC_NO_PIC = NO;
				GCC_NO_COMMON_BLOCKS = YES;
				GCC_OPTIMIZATION_LEVEL = 0;
				GCC_PREPROCESSOR_DEFINITIONS = (
					"DEBUG=1",
					"$(inherited)",
				);
				GCC_WARN_64_TO_32_BIT_CONVERSION = YES;
				GCC_WARN_ABOUT_RETURN_TYPE = YES_ERROR;
				GCC_WARN_UNDECLARED_SELECTOR = YES;
				GCC_WARN_UNINITIALIZED_AUTOS = YES_AGGRESSIVE;
				GCC_WARN_UNUSED_FUNCTION = YES;
				GCC_WARN_UNUSED_VARIABLE = YES;
				MACOSX_DEPLOYMENT_TARGET = 10.12;
				MTL_ENABLE_DEBUG_INFO = YES;
				ONLY_ACTIVE_ARCH = YES;
				SDKROOT = macosx;
				SWIFT_OPTIMIZATION_LEVEL = "-Onone";
			};
			name = Debug;
		};
		279F6B421E012217001FE32C /* Release */ = {
			isa = XCBuildConfiguration;
			buildSettings = {
				ALWAYS_SEARCH_USER_PATHS = NO;
				CLANG_ANALYZER_NONNULL = YES;
				CLANG_CXX_LANGUAGE_STANDARD = "gnu++0x";
				CLANG_CXX_LIBRARY = "libc++";
				CLANG_ENABLE_MODULES = YES;
				CLANG_ENABLE_OBJC_ARC = YES;
				CLANG_WARN_BOOL_CONVERSION = YES;
				CLANG_WARN_CONSTANT_CONVERSION = YES;
				CLANG_WARN_DIRECT_OBJC_ISA_USAGE = YES_ERROR;
				CLANG_WARN_DOCUMENTATION_COMMENTS = YES;
				CLANG_WARN_EMPTY_BODY = YES;
				CLANG_WARN_ENUM_CONVERSION = YES;
				CLANG_WARN_INFINITE_RECURSION = YES;
				CLANG_WARN_INT_CONVERSION = YES;
				CLANG_WARN_OBJC_ROOT_CLASS = YES_ERROR;
				CLANG_WARN_SUSPICIOUS_MOVE = YES;
				CLANG_WARN_UNREACHABLE_CODE = YES;
				CLANG_WARN__DUPLICATE_METHOD_MATCH = YES;
				CODE_SIGN_IDENTITY = "-";
				COPY_PHASE_STRIP = NO;
				DEBUG_INFORMATION_FORMAT = "dwarf-with-dsym";
				ENABLE_NS_ASSERTIONS = NO;
				ENABLE_STRICT_OBJC_MSGSEND = YES;
				GCC_C_LANGUAGE_STANDARD = gnu99;
				GCC_NO_COMMON_BLOCKS = YES;
				GCC_WARN_64_TO_32_BIT_CONVERSION = YES;
				GCC_WARN_ABOUT_RETURN_TYPE = YES_ERROR;
				GCC_WARN_UNDECLARED_SELECTOR = YES;
				GCC_WARN_UNINITIALIZED_AUTOS = YES_AGGRESSIVE;
				GCC_WARN_UNUSED_FUNCTION = YES;
				GCC_WARN_UNUSED_VARIABLE = YES;
				MACOSX_DEPLOYMENT_TARGET = 10.12;
				MTL_ENABLE_DEBUG_INFO = NO;
				SDKROOT = macosx;
			};
			name = Release;
		};
		279F6B441E012217001FE32C /* Debug */ = {
			isa = XCBuildConfiguration;
			buildSettings = {
				PRODUCT_NAME = "$(TARGET_NAME)";
				SWIFT_VERSION = 3.0;
			};
			name = Debug;
		};
		279F6B451E012217001FE32C /* Release */ = {
			isa = XCBuildConfiguration;
			buildSettings = {
				PRODUCT_NAME = "$(TARGET_NAME)";
				SWIFT_VERSION = 3.0;
			};
			name = Release;
		};
/* End XCBuildConfiguration section */

/* Begin XCConfigurationList section */
		279F6B371E012217001FE32C /* Build configuration list for PBXProject "SegmentsIntersectionPerformanceTest" */ = {
			isa = XCConfigurationList;
			buildConfigurations = (
				279F6B411E012217001FE32C /* Debug */,
				279F6B421E012217001FE32C /* Release */,
			);
			defaultConfigurationIsVisible = 0;
			defaultConfigurationName = Release;
		};
		279F6B431E012217001FE32C /* Build configuration list for PBXNativeTarget "SegmentsIntersectionPerformanceTest" */ = {
			isa = XCConfigurationList;
			buildConfigurations = (
				279F6B441E012217001FE32C /* Debug */,
				279F6B451E012217001FE32C /* Release */,
			);
			defaultConfigurationIsVisible = 0;
			defaultConfigurationName = Release;
		};
/* End XCConfigurationList section */
	};
	rootObject = 279F6B341E012217001FE32C /* Project object */;
}
