// !$*UTF8*$!
{
	archiveVersion = 1;
	classes = {
	};
	objectVersion = 46;
	objects = {

/* Begin PBXBuildFile section */
		3AF55F401B0B9D0A00432B1B /* AppDelegate.swift in Sources */ = {isa = PBXBuildFile; fileRef = 3AF55F3F1B0B9D0A00432B1B /* AppDelegate.swift */; };
		3AF55F421B0B9D0A00432B1B /* ViewController.swift in Sources */ = {isa = PBXBuildFile; fileRef = 3AF55F411B0B9D0A00432B1B /* ViewController.swift */; };
		3AF55F451B0B9D0A00432B1B /* Main.storyboard in Resources */ = {isa = PBXBuildFile; fileRef = 3AF55F431B0B9D0A00432B1B /* Main.storyboard */; };
		3AF55F471B0B9D0A00432B1B /* Images.xcassets in Resources */ = {isa = PBXBuildFile; fileRef = 3AF55F461B0B9D0A00432B1B /* Images.xcassets */; };
		3AF55F4A1B0B9D0A00432B1B /* LaunchScreen.xib in Resources */ = {isa = PBXBuildFile; fileRef = 3AF55F481B0B9D0A00432B1B /* LaunchScreen.xib */; };
		3AF55F561B0B9D0A00432B1B /* CustomAnimationsTests.swift in Sources */ = {isa = PBXBuildFile; fileRef = 3AF55F551B0B9D0A00432B1B /* CustomAnimationsTests.swift */; };
		3AF55F601B0B9E9A00432B1B /* AnimatedCircleImageView.swift in Sources */ = {isa = PBXBuildFile; fileRef = 3AF55F5F1B0B9E9A00432B1B /* AnimatedCircleImageView.swift */; };
/* End PBXBuildFile section */

/* Begin PBXContainerItemProxy section */
		3AF55F501B0B9D0A00432B1B /* PBXContainerItemProxy */ = {
			isa = PBXContainerItemProxy;
			containerPortal = 3AF55F321B0B9D0A00432B1B /* Project object */;
			proxyType = 1;
			remoteGlobalIDString = 3AF55F391B0B9D0A00432B1B;
			remoteInfo = CustomAnimations;
		};
/* End PBXContainerItemProxy section */

/* Begin PBXFileReference section */
		3AF55F3A1B0B9D0A00432B1B /* CustomAnimations.app */ = {isa = PBXFileReference; explicitFileType = wrapper.application; includeInIndex = 0; path = CustomAnimations.app; sourceTree = BUILT_PRODUCTS_DIR; };
		3AF55F3E1B0B9D0A00432B1B /* Info.plist */ = {isa = PBXFileReference; lastKnownFileType = text.plist.xml; path = Info.plist; sourceTree = "<group>"; };
		3AF55F3F1B0B9D0A00432B1B /* AppDelegate.swift */ = {isa = PBXFileReference; lastKnownFileType = sourcecode.swift; path = AppDelegate.swift; sourceTree = "<group>"; };
		3AF55F411B0B9D0A00432B1B /* ViewController.swift */ = {isa = PBXFileReference; lastKnownFileType = sourcecode.swift; path = ViewController.swift; sourceTree = "<group>"; };
		3AF55F441B0B9D0A00432B1B /* Base */ = {isa = PBXFileReference; lastKnownFileType = file.storyboard; name = Base; path = Base.lproj/Main.storyboard; sourceTree = "<group>"; };
		3AF55F461B0B9D0A00432B1B /* Images.xcassets */ = {isa = PBXFileReference; lastKnownFileType = folder.assetcatalog; path = Images.xcassets; sourceTree = "<group>"; };
		3AF55F491B0B9D0A00432B1B /* Base */ = {isa = PBXFileReference; lastKnownFileType = file.xib; name = Base; path = Base.lproj/LaunchScreen.xib; sourceTree = "<group>"; };
		3AF55F4F1B0B9D0A00432B1B /* CustomAnimationsTests.xctest */ = {isa = PBXFileReference; explicitFileType = wrapper.cfbundle; includeInIndex = 0; path = CustomAnimationsTests.xctest; sourceTree = BUILT_PRODUCTS_DIR; };
		3AF55F541B0B9D0A00432B1B /* Info.plist */ = {isa = PBXFileReference; lastKnownFileType = text.plist.xml; path = Info.plist; sourceTree = "<group>"; };
		3AF55F551B0B9D0A00432B1B /* CustomAnimationsTests.swift */ = {isa = PBXFileReference; lastKnownFileType = sourcecode.swift; path = CustomAnimationsTests.swift; sourceTree = "<group>"; };
		3AF55F5F1B0B9E9A00432B1B /* AnimatedCircleImageView.swift */ = {isa = PBXFileReference; fileEncoding = 4; lastKnownFileType = sourcecode.swift; path = AnimatedCircleImageView.swift; sourceTree = "<group>"; };
/* End PBXFileReference section */

/* Begin PBXFrameworksBuildPhase section */
		3AF55F371B0B9D0A00432B1B /* Frameworks */ = {
			isa = PBXFrameworksBuildPhase;
			buildActionMask = 2147483647;
			files = (
			);
			runOnlyForDeploymentPostprocessing = 0;
		};
		3AF55F4C1B0B9D0A00432B1B /* Frameworks */ = {
			isa = PBXFrameworksBuildPhase;
			buildActionMask = 2147483647;
			files = (
			);
			runOnlyForDeploymentPostprocessing = 0;
		};
/* End PBXFrameworksBuildPhase section */

/* Begin PBXGroup section */
		3AF55F311B0B9D0A00432B1B = {
			isa = PBXGroup;
			children = (
				3AF55F3C1B0B9D0A00432B1B /* CustomAnimations */,
				3AF55F521B0B9D0A00432B1B /* CustomAnimationsTests */,
				3AF55F3B1B0B9D0A00432B1B /* Products */,
			);
			sourceTree = "<group>";
		};
		3AF55F3B1B0B9D0A00432B1B /* Products */ = {
			isa = PBXGroup;
			children = (
				3AF55F3A1B0B9D0A00432B1B /* CustomAnimations.app */,
				3AF55F4F1B0B9D0A00432B1B /* CustomAnimationsTests.xctest */,
			);
			name = Products;
			sourceTree = "<group>";
		};
		3AF55F3C1B0B9D0A00432B1B /* CustomAnimations */ = {
			isa = PBXGroup;
			children = (
				3AF55F3F1B0B9D0A00432B1B /* AppDelegate.swift */,
				3AF55F411B0B9D0A00432B1B /* ViewController.swift */,
				3AF55F5F1B0B9E9A00432B1B /* AnimatedCircleImageView.swift */,
				3AF55F431B0B9D0A00432B1B /* Main.storyboard */,
				3AF55F461B0B9D0A00432B1B /* Images.xcassets */,
				3AF55F481B0B9D0A00432B1B /* LaunchScreen.xib */,
				3AF55F3D1B0B9D0A00432B1B /* Supporting Files */,
			);
			path = CustomAnimations;
			sourceTree = "<group>";
		};
		3AF55F3D1B0B9D0A00432B1B /* Supporting Files */ = {
			isa = PBXGroup;
			children = (
				3AF55F3E1B0B9D0A00432B1B /* Info.plist */,
			);
			name = "Supporting Files";
			sourceTree = "<group>";
		};
		3AF55F521B0B9D0A00432B1B /* CustomAnimationsTests */ = {
			isa = PBXGroup;
			children = (
				3AF55F551B0B9D0A00432B1B /* CustomAnimationsTests.swift */,
				3AF55F531B0B9D0A00432B1B /* Supporting Files */,
			);
			path = CustomAnimationsTests;
			sourceTree = "<group>";
		};
		3AF55F531B0B9D0A00432B1B /* Supporting Files */ = {
			isa = PBXGroup;
			children = (
				3AF55F541B0B9D0A00432B1B /* Info.plist */,
			);
			name = "Supporting Files";
			sourceTree = "<group>";
		};
/* End PBXGroup section */

/* Begin PBXNativeTarget section */
		3AF55F391B0B9D0A00432B1B /* CustomAnimations */ = {
			isa = PBXNativeTarget;
			buildConfigurationList = 3AF55F591B0B9D0A00432B1B /* Build configuration list for PBXNativeTarget "CustomAnimations" */;
			buildPhases = (
				3AF55F361B0B9D0A00432B1B /* Sources */,
				3AF55F371B0B9D0A00432B1B /* Frameworks */,
				3AF55F381B0B9D0A00432B1B /* Resources */,
			);
			buildRules = (
			);
			dependencies = (
			);
			name = CustomAnimations;
			productName = CustomAnimations;
			productReference = 3AF55F3A1B0B9D0A00432B1B /* CustomAnimations.app */;
			productType = "com.apple.product-type.application";
		};
		3AF55F4E1B0B9D0A00432B1B /* CustomAnimationsTests */ = {
			isa = PBXNativeTarget;
			buildConfigurationList = 3AF55F5C1B0B9D0A00432B1B /* Build configuration list for PBXNativeTarget "CustomAnimationsTests" */;
			buildPhases = (
				3AF55F4B1B0B9D0A00432B1B /* Sources */,
				3AF55F4C1B0B9D0A00432B1B /* Frameworks */,
				3AF55F4D1B0B9D0A00432B1B /* Resources */,
			);
			buildRules = (
			);
			dependencies = (
				3AF55F511B0B9D0A00432B1B /* PBXTargetDependency */,
			);
			name = CustomAnimationsTests;
			productName = CustomAnimationsTests;
			productReference = 3AF55F4F1B0B9D0A00432B1B /* CustomAnimationsTests.xctest */;
			productType = "com.apple.product-type.bundle.unit-test";
		};
/* End PBXNativeTarget section */

/* Begin PBXProject section */
		3AF55F321B0B9D0A00432B1B /* Project object */ = {
			isa = PBXProject;
			attributes = {
				LastUpgradeCheck = 0630;
				TargetAttributes = {
					3AF55F391B0B9D0A00432B1B = {
						CreatedOnToolsVersion = 6.3.1;
					};
					3AF55F4E1B0B9D0A00432B1B = {
						CreatedOnToolsVersion = 6.3.1;
						TestTargetID = 3AF55F391B0B9D0A00432B1B;
					};
				};
			};
			buildConfigurationList = 3AF55F351B0B9D0A00432B1B /* Build configuration list for PBXProject "CustomAnimations" */;
			compatibilityVersion = "Xcode 3.2";
			developmentRegion = English;
			hasScannedForEncodings = 0;
			knownRegions = (
				en,
				Base,
			);
			mainGroup = 3AF55F311B0B9D0A00432B1B;
			productRefGroup = 3AF55F3B1B0B9D0A00432B1B /* Products */;
			projectDirPath = "";
			projectRoot = "";
			targets = (
				3AF55F391B0B9D0A00432B1B /* CustomAnimations */,
				3AF55F4E1B0B9D0A00432B1B /* CustomAnimationsTests */,
			);
		};
/* End PBXProject section */

/* Begin PBXResourcesBuildPhase section */
		3AF55F381B0B9D0A00432B1B /* Resources */ = {
			isa = PBXResourcesBuildPhase;
			buildActionMask = 2147483647;
			files = (
				3AF55F451B0B9D0A00432B1B /* Main.storyboard in Resources */,
				3AF55F4A1B0B9D0A00432B1B /* LaunchScreen.xib in Resources */,
				3AF55F471B0B9D0A00432B1B /* Images.xcassets in Resources */,
			);
			runOnlyForDeploymentPostprocessing = 0;
		};
		3AF55F4D1B0B9D0A00432B1B /* Resources */ = {
			isa = PBXResourcesBuildPhase;
			buildActionMask = 2147483647;
			files = (
			);
			runOnlyForDeploymentPostprocessing = 0;
		};
/* End PBXResourcesBuildPhase section */

/* Begin PBXSourcesBuildPhase section */
		3AF55F361B0B9D0A00432B1B /* Sources */ = {
			isa = PBXSourcesBuildPhase;
			buildActionMask = 2147483647;
			files = (
				3AF55F421B0B9D0A00432B1B /* ViewController.swift in Sources */,
				3AF55F601B0B9E9A00432B1B /* AnimatedCircleImageView.swift in Sources */,
				3AF55F401B0B9D0A00432B1B /* AppDelegate.swift in Sources */,
			);
			runOnlyForDeploymentPostprocessing = 0;
		};
		3AF55F4B1B0B9D0A00432B1B /* Sources */ = {
			isa = PBXSourcesBuildPhase;
			buildActionMask = 2147483647;
			files = (
				3AF55F561B0B9D0A00432B1B /* CustomAnimationsTests.swift in Sources */,
			);
			runOnlyForDeploymentPostprocessing = 0;
		};
/* End PBXSourcesBuildPhase section */

/* Begin PBXTargetDependency section */
		3AF55F511B0B9D0A00432B1B /* PBXTargetDependency */ = {
			isa = PBXTargetDependency;
			target = 3AF55F391B0B9D0A00432B1B /* CustomAnimations */;
			targetProxy = 3AF55F501B0B9D0A00432B1B /* PBXContainerItemProxy */;
		};
/* End PBXTargetDependency section */

/* Begin PBXVariantGroup section */
		3AF55F431B0B9D0A00432B1B /* Main.storyboard */ = {
			isa = PBXVariantGroup;
			children = (
				3AF55F441B0B9D0A00432B1B /* Base */,
			);
			name = Main.storyboard;
			sourceTree = "<group>";
		};
		3AF55F481B0B9D0A00432B1B /* LaunchScreen.xib */ = {
			isa = PBXVariantGroup;
			children = (
				3AF55F491B0B9D0A00432B1B /* Base */,
			);
			name = LaunchScreen.xib;
			sourceTree = "<group>";
		};
/* End PBXVariantGroup section */

/* Begin XCBuildConfiguration section */
		3AF55F571B0B9D0A00432B1B /* Debug */ = {
			isa = XCBuildConfiguration;
			buildSettings = {
				ALWAYS_SEARCH_USER_PATHS = NO;
				CLANG_CXX_LANGUAGE_STANDARD = "gnu++0x";
				CLANG_CXX_LIBRARY = "libc++";
				CLANG_ENABLE_MODULES = YES;
				CLANG_ENABLE_OBJC_ARC = YES;
				CLANG_WARN_BOOL_CONVERSION = YES;
				CLANG_WARN_CONSTANT_CONVERSION = YES;
				CLANG_WARN_DIRECT_OBJC_ISA_USAGE = YES_ERROR;
				CLANG_WARN_EMPTY_BODY = YES;
				CLANG_WARN_ENUM_CONVERSION = YES;
				CLANG_WARN_INT_CONVERSION = YES;
				CLANG_WARN_OBJC_ROOT_CLASS = YES_ERROR;
				CLANG_WARN_UNREACHABLE_CODE = YES;
				CLANG_WARN__DUPLICATE_METHOD_MATCH = YES;
				"CODE_SIGN_IDENTITY[sdk=iphoneos*]" = "iPhone Developer";
				COPY_PHASE_STRIP = NO;
				DEBUG_INFORMATION_FORMAT = "dwarf-with-dsym";
				ENABLE_STRICT_OBJC_MSGSEND = YES;
				GCC_C_LANGUAGE_STANDARD = gnu99;
				GCC_DYNAMIC_NO_PIC = NO;
				GCC_NO_COMMON_BLOCKS = YES;
				GCC_OPTIMIZATION_LEVEL = 0;
				GCC_PREPROCESSOR_DEFINITIONS = (
					"DEBUG=1",
					"$(inherited)",
				);
				GCC_SYMBOLS_PRIVATE_EXTERN = NO;
				GCC_WARN_64_TO_32_BIT_CONVERSION = YES;
				GCC_WARN_ABOUT_RETURN_TYPE = YES_ERROR;
				GCC_WARN_UNDECLARED_SELECTOR = YES;
				GCC_WARN_UNINITIALIZED_AUTOS = YES_AGGRESSIVE;
				GCC_WARN_UNUSED_FUNCTION = YES;
				GCC_WARN_UNUSED_VARIABLE = YES;
				IPHONEOS_DEPLOYMENT_TARGET = 8.3;
				MTL_ENABLE_DEBUG_INFO = YES;
				ONLY_ACTIVE_ARCH = YES;
				SDKROOT = iphoneos;
				SWIFT_OPTIMIZATION_LEVEL = "-Onone";
				TARGETED_DEVICE_FAMILY = "1,2";
			};
			name = Debug;
		};
		3AF55F581B0B9D0A00432B1B /* Release */ = {
			isa = XCBuildConfiguration;
			buildSettings = {
				ALWAYS_SEARCH_USER_PATHS = NO;
				CLANG_CXX_LANGUAGE_STANDARD = "gnu++0x";
				CLANG_CXX_LIBRARY = "libc++";
				CLANG_ENABLE_MODULES = YES;
				CLANG_ENABLE_OBJC_ARC = YES;
				CLANG_WARN_BOOL_CONVERSION = YES;
				CLANG_WARN_CONSTANT_CONVERSION = YES;
				CLANG_WARN_DIRECT_OBJC_ISA_USAGE = YES_ERROR;
				CLANG_WARN_EMPTY_BODY = YES;
				CLANG_WARN_ENUM_CONVERSION = YES;
				CLANG_WARN_INT_CONVERSION = YES;
				CLANG_WARN_OBJC_ROOT_CLASS = YES_ERROR;
				CLANG_WARN_UNREACHABLE_CODE = YES;
				CLANG_WARN__DUPLICATE_METHOD_MATCH = YES;
				"CODE_SIGN_IDENTITY[sdk=iphoneos*]" = "iPhone Developer";
				COPY_PHASE_STRIP = NO;
				DEBUG_INFORMATION_FORMAT = "dwarf-with-dsym";
				ENABLE_NS_ASSERTIONS = NO;
				ENABLE_STRICT_OBJC_MSGSEND = YES;
				GCC_C_LANGUAGE_STANDARD = gnu99;
				GCC_NO_COMMON_BLOCKS = YES;
				GCC_WARN_64_TO_32_BIT_CONVERSION = YES;
				GCC_WARN_ABOUT_RETURN_TYPE = YES_ERROR;
				GCC_WARN_UNDECLARED_SELECTOR = YES;
				GCC_WARN_UNINITIALIZED_AUTOS = YES_AGGRESSIVE;
				GCC_WARN_UNUSED_FUNCTION = YES;
				GCC_WARN_UNUSED_VARIABLE = YES;
				IPHONEOS_DEPLOYMENT_TARGET = 8.3;
				MTL_ENABLE_DEBUG_INFO = NO;
				SDKROOT = iphoneos;
				TARGETED_DEVICE_FAMILY = "1,2";
				VALIDATE_PRODUCT = YES;
			};
			name = Release;
		};
		3AF55F5A1B0B9D0A00432B1B /* Debug */ = {
			isa = XCBuildConfiguration;
			buildSettings = {
				ASSETCATALOG_COMPILER_APPICON_NAME = AppIcon;
				INFOPLIST_FILE = CustomAnimations/Info.plist;
				LD_RUNPATH_SEARCH_PATHS = "$(inherited) @executable_path/Frameworks";
				PRODUCT_NAME = "$(TARGET_NAME)";
			};
			name = Debug;
		};
		3AF55F5B1B0B9D0A00432B1B /* Release */ = {
			isa = XCBuildConfiguration;
			buildSettings = {
				ASSETCATALOG_COMPILER_APPICON_NAME = AppIcon;
				INFOPLIST_FILE = CustomAnimations/Info.plist;
				LD_RUNPATH_SEARCH_PATHS = "$(inherited) @executable_path/Frameworks";
				PRODUCT_NAME = "$(TARGET_NAME)";
			};
			name = Release;
		};
		3AF55F5D1B0B9D0A00432B1B /* Debug */ = {
			isa = XCBuildConfiguration;
			buildSettings = {
				BUNDLE_LOADER = "$(TEST_HOST)";
				FRAMEWORK_SEARCH_PATHS = (
					"$(SDKROOT)/Developer/Library/Frameworks",
					"$(inherited)",
				);
				GCC_PREPROCESSOR_DEFINITIONS = (
					"DEBUG=1",
					"$(inherited)",
				);
				INFOPLIST_FILE = CustomAnimationsTests/Info.plist;
				LD_RUNPATH_SEARCH_PATHS = "$(inherited) @executable_path/Frameworks @loader_path/Frameworks";
				PRODUCT_NAME = "$(TARGET_NAME)";
				TEST_HOST = "$(BUILT_PRODUCTS_DIR)/CustomAnimations.app/CustomAnimations";
			};
			name = Debug;
		};
		3AF55F5E1B0B9D0A00432B1B /* Release */ = {
			isa = XCBuildConfiguration;
			buildSettings = {
				BUNDLE_LOADER = "$(TEST_HOST)";
				FRAMEWORK_SEARCH_PATHS = (
					"$(SDKROOT)/Developer/Library/Frameworks",
					"$(inherited)",
				);
				INFOPLIST_FILE = CustomAnimationsTests/Info.plist;
				LD_RUNPATH_SEARCH_PATHS = "$(inherited) @executable_path/Frameworks @loader_path/Frameworks";
				PRODUCT_NAME = "$(TARGET_NAME)";
				TEST_HOST = "$(BUILT_PRODUCTS_DIR)/CustomAnimations.app/CustomAnimations";
			};
			name = Release;
		};
/* End XCBuildConfiguration section */

/* Begin XCConfigurationList section */
		3AF55F351B0B9D0A00432B1B /* Build configuration list for PBXProject "CustomAnimations" */ = {
			isa = XCConfigurationList;
			buildConfigurations = (
				3AF55F571B0B9D0A00432B1B /* Debug */,
				3AF55F581B0B9D0A00432B1B /* Release */,
			);
			defaultConfigurationIsVisible = 0;
			defaultConfigurationName = Release;
		};
		3AF55F591B0B9D0A00432B1B /* Build configuration list for PBXNativeTarget "CustomAnimations" */ = {
			isa = XCConfigurationList;
			buildConfigurations = (
				3AF55F5A1B0B9D0A00432B1B /* Debug */,
				3AF55F5B1B0B9D0A00432B1B /* Release */,
			);
			defaultConfigurationIsVisible = 0;
			defaultConfigurationName = Release;
		};
		3AF55F5C1B0B9D0A00432B1B /* Build configuration list for PBXNativeTarget "CustomAnimationsTests" */ = {
			isa = XCConfigurationList;
			buildConfigurations = (
				3AF55F5D1B0B9D0A00432B1B /* Debug */,
				3AF55F5E1B0B9D0A00432B1B /* Release */,
			);
			defaultConfigurationIsVisible = 0;
			defaultConfigurationName = Release;
		};
/* End XCConfigurationList section */
	};
	rootObject = 3AF55F321B0B9D0A00432B1B /* Project object */;
}
